{
  "name": "vistaire-landing",
  "version": "0.1.0",
  "lockfileVersion": 3,
  "requires": true,
  "packages": {
    "": {
      "name": "vistaire-landing",
      "version": "0.1.0",
      "dependencies": {
        "@babylonjs/core": "^9.6.2",
        "@babylonjs/loaders": "^9.6.2",
        "@babylonjs/serializers": "^9.6.2",
        "@clerk/nextjs": "^7.3.3",
        "@getbrevo/brevo": "^5.0.4",
        "@gltf-transform/cli": "^4.4.1",
        "@gltf-transform/core": "^4.4.1",
        "@gltf-transform/extensions": "^4.4.1",
        "@gltf-transform/functions": "^4.4.1",
        "@google/model-viewer": "^4.2.0",
        "@supabase/ssr": "^0.10.3",
        "@supabase/supabase-js": "^2.105.4",
        "fflate": "^0.8.2",
        "gsap": "^3.13.0",
        "lenis": "^1.3.23",
        "meshoptimizer": "~1.0.1",
        "next": "^16.2.11",
        "qrcode": "^1.5.4",
        "react": "^19.2.6",
        "react-dom": "^19.2.6",
        "react-pageflip": "^2.0.3",
        "sharp": "^0.35.3"
      },
      "devDependencies": {
        "@eslint/eslintrc": "^3.3.6",
        "@playwright/test": "^1.59.1",
        "@types/node": "^24.0.0",
        "@types/qrcode": "^1.5.6",
        "@types/react": "^19.2.0",
        "@types/react-dom": "^19.2.0",
        "autoprefixer": "^10.4.21",
        "eslint": "^9.39.0",
        "eslint-config-next": "^16.2.11",
        "postcss": "^8.5.23",
        "tailwindcss": "^3.4.18",
        "three": "^0.182.0",
        "typescript": "^5.9.0"
      }
    },
    "node_modules/@alloc/quick-lru": {
      "version": "5.2.0",
      "resolved": "https://registry.npmjs.org/@alloc/quick-lru/-/quick-lru-5.2.0.tgz",
      "integrity": "sha512-UrcABB+4bUrFABwbluTIBErXwvbsU/V7TZWfmbgJfbkwiBuziS9gxdODUyuiecfdGQ85jglMW6juS3+z5TsKLw==",
      "dev": true,
      "license": "MIT",
      "engines": {
        "node": ">=10"
      },
      "funding": {
        "url": "https://github.com/sponsors/sindresorhus"
      }
    },
    "node_modules/@babel/code-frame": {
      "version": "7.29.7",
      "resolved": "https://registry.npmjs.org/@babel/code-frame/-/code-frame-7.29.7.tgz",
      "integrity": "sha512-Aup7aUOfpbAUg2ROOJN6Iw5f9DMBlzu0mIkm/malLQFN/YQgO48wCj0Kxa3sEHJvPVFg7siR+qRInwXd2qhQKw==",
      "dev": true,
      "license": "MIT",
      "dependencies": {
        "@babel/helper-validator-identifier": "^7.29.7",
        "js-tokens": "^4.0.0",
        "picocolors": "^1.1.1"
      },
      "engines": {
        "node": ">=6.9.0"
      }
    },
    "node_modules/@babel/compat-data": {
      "version": "7.29.7",
      "resolved": "https://registry.npmjs.org/@babel/compat-data/-/compat-data-7.29.7.tgz",
      "integrity": "sha512-locTkQyKvwIEgBzVrn8693ebc97F2U8ZHjbXwDXJ5Fn2TCpNwTlKcaKLkdHop5c/icOFE7qt7Q9JC5hnKNa6Gg==",
      "dev": true,
      "license": "MIT",
      "engines": {
        "node": ">=6.9.0"
      }
    },
    "node_modules/@babel/core": {
      "version": "7.29.7",
      "resolved": "https://registry.npmjs.org/@babel/core/-/core-7.29.7.tgz",
      "integrity": "sha512-RgHBCvtjbOK2gXSNBNIkNoEc9qoVEtau3hj8gEqKQuL3HZAibKarWFEI3Lfm6EYKkLalOh8eSrj9b+ch9H/VBA==",
      "dev": true,
      "license": "MIT",
      "dependencies": {
        "@babel/code-frame": "^7.29.7",
        "@babel/generator": "^7.29.7",
        "@babel/helper-compilation-targets": "^7.29.7",
        "@babel/helper-module-transforms": "^7.29.7",
        "@babel/helpers": "^7.29.7",
        "@babel/parser": "^7.29.7",
        "@babel/template": "^7.29.7",
        "@babel/traverse": "^7.29.7",
        "@babel/types": "^7.29.7",
        "@jridgewell/remapping": "^2.3.5",
        "convert-source-map": "^2.0.0",
        "debug": "^4.1.0",
        "gensync": "^1.0.0-beta.2",
        "json5": "^2.2.3",
        "semver": "^6.3.1"
      },
      "engines": {
        "node": ">=6.9.0"
      },
      "funding": {
        "type": "opencollective",
        "url": "https://opencollective.com/babel"
      }
    },
    "node_modules/@babel/generator": {
      "version": "7.29.7",
      "resolved": "https://registry.npmjs.org/@babel/generator/-/generator-7.29.7.tgz",
      "integrity": "sha512-DkXD5OJQaAQIdZ1bt3UZdEnHAn9Imd3IVBdX03UFe+ony9Ojw5pzr9YVKGDY1jt+Gcn/FnGkNf8r+Vj5NOJWtQ==",
      "dev": true,
      "license": "MIT",
      "dependencies": {
        "@babel/parser": "^7.29.7",
        "@babel/types": "^7.29.7",
        "@jridgewell/gen-mapping": "^0.3.12",
        "@jridgewell/trace-mapping": "^0.3.28",
        "jsesc": "^3.0.2"
      },
      "engines": {
        "node": ">=6.9.0"
      }
    },
    "node_modules/@babel/helper-compilation-targets": {
      "version": "7.29.7",
      "resolved": "https://registry.npmjs.org/@babel/helper-compilation-targets/-/helper-compilation-targets-7.29.7.tgz",
      "integrity": "sha512-wem6WaBj4NaVYVdNhLPPVacES6ZJ+KBBfSkTMD3YZxbP3rm3Di85tJU5ljaUNhaOynt+Aj0xruhYuzQBt8n71g==",
      "dev": true,
      "license": "MIT",
      "dependencies": {
        "@babel/compat-data": "^7.29.7",
        "@babel/helper-validator-option": "^7.29.7",
        "browserslist": "^4.24.0",
        "lru-cache": "^5.1.1",
        "semver": "^6.3.1"
      },
      "engines": {
        "node": ">=6.9.0"
      }
    },
    "node_modules/@babel/helper-globals": {
      "version": "7.29.7",
      "resolved": "https://registry.npmjs.org/@babel/helper-globals/-/helper-globals-7.29.7.tgz",
      "integrity": "sha512-3nQVUAtvkKH9zahfWgw96Jc/uFOmjACE1kQz82E2lqWmHBgjzbNlsC22nuQTfahmWeQtTq5nQ/4Nnd2A1wj4zA==",
      "dev": true,
      "license": "MIT",
      "engines": {
        "node": ">=6.9.0"
      }
    },
    "node_modules/@babel/helper-module-imports": {
      "version": "7.29.7",
      "resolved": "https://registry.npmjs.org/@babel/helper-module-imports/-/helper-module-imports-7.29.7.tgz",
      "integrity": "sha512-ejHwrQQYcm9xnTivShn2IDOlIzInN34AXskvq9QicvCtEzq1Vzclu/tKF8Jq1Cg8JG2GL6/EmjgsCT7lXepE3g==",
      "dev": true,
      "license": "MIT",
      "dependencies": {
        "@babel/traverse": "^7.29.7",
        "@babel/types": "^7.29.7"
      },
      "engines": {
        "node": ">=6.9.0"
      }
    },
    "node_modules/@babel/helper-module-transforms": {
      "version": "7.29.7",
      "resolved": "https://registry.npmjs.org/@babel/helper-module-transforms/-/helper-module-transforms-7.29.7.tgz",
      "integrity": "sha512-UPUVSyXbOh627KiCIGQSgwWzGeBKLkaJ9PJEdrngIwMSzxLR4jS4+f1f1jb7VzBbg8nFLaYotvVPFCTqdrmTAg==",
      "dev": true,
      "license": "MIT",
      "dependencies": {
        "@babel/helper-module-imports": "^7.29.7",
        "@babel/helper-validator-identifier": "^7.29.7",
        "@babel/traverse": "^7.29.7"
      },
      "engines": {
        "node": ">=6.9.0"
      },
      "peerDependencies": {
        "@babel/core": "^7.0.0"
      }
    },
    "node_modules/@babel/helper-string-parser": {
      "version": "7.29.7",
      "resolved": "https://registry.npmjs.org/@babel/helper-string-parser/-/helper-string-parser-7.29.7.tgz",
      "integrity": "sha512-Pb5ijPrZ89GDH8223L4UP8i6QApWxs04RbPQJTeWDV0/keR2E36MeKnyr6LYmUUvqRRI+Iv87SuF1W6ErINzYw==",
      "dev": true,
      "license": "MIT",
      "engines": {
        "node": ">=6.9.0"
      }
    },
    "node_modules/@babel/helper-validator-identifier": {
      "version": "7.29.7",
      "resolved": "https://registry.npmjs.org/@babel/helper-validator-identifier/-/helper-validator-identifier-7.29.7.tgz",
      "integrity": "sha512-qehxGkRj55h/ff8EMaJ+cYhyaKlHIxqYDn682wQD7RNp9UujOQsHog2uS0r2vzr4pW+sXf90NeeayjcNaX3fFg==",
      "dev": true,
      "license": "MIT",
      "engines": {
        "node": ">=6.9.0"
      }
    },
    "node_modules/@babel/helper-validator-option": {
      "version": "7.29.7",
      "resolved": "https://registry.npmjs.org/@babel/helper-validator-option/-/helper-validator-option-7.29.7.tgz",
      "integrity": "sha512-N9ZErrD+yW5geCDtBqnOoxmR8+tNKiGuxKlDpuJxfsqpa2dFcexaziGAE/qoHLiDDreVNMupxGmSoNlyvsA3gw==",
      "dev": true,
      "license": "MIT",
      "engines": {
        "node": ">=6.9.0"
      }
    },
    "node_modules/@babel/helpers": {
      "version": "7.29.7",
      "resolved": "https://registry.npmjs.org/@babel/helpers/-/helpers-7.29.7.tgz",
      "integrity": "sha512-1k2lAGRMfHTcwuNYcCNUmaUffmQv8KWMfh2iJUUeRlwlwH4FdNG7mfPI10NPfLHJFThE4Tyr4mv7kTNZOiPuBg==",
      "dev": true,
      "license": "MIT",
      "dependencies": {
        "@babel/template": "^7.29.7",
        "@babel/types": "^7.29.7"
      },
      "engines": {
        "node": ">=6.9.0"
      }
    },
    "node_modules/@babel/parser": {
      "version": "7.29.7",
      "resolved": "https://registry.npmjs.org/@babel/parser/-/parser-7.29.7.tgz",
      "integrity": "sha512-hnORnjP/1P/zFEndoeX+n+t1RwWRJiJpM/jO7FW32Kn9r5+sJB2JWOdYo4L6k78j15eCwY3Gm/7364B1EMwtNg==",
      "dev": true,
      "license": "MIT",
      "dependencies": {
        "@babel/types": "^7.29.7"
      },
      "bin": {
        "parser": "bin/babel-parser.js"
      },
      "engines": {
        "node": ">=6.0.0"
      }
    },
    "node_modules/@babel/template": {
      "version": "7.29.7",
      "resolved": "https://registry.npmjs.org/@babel/template/-/template-7.29.7.tgz",
      "integrity": "sha512-puq+Gf35oI24FeN11LkoUQFqv9uwNeWpxXZi/Ji3rRIoKAzKnxRaZ+Gkj0vKS9ZCiTESfng1N9LyOyXvo+m+Gg==",
      "dev": true,
      "license": "MIT",
      "dependencies": {
        "@babel/code-frame": "^7.29.7",
        "@babel/parser": "^7.29.7",
        "@babel/types": "^7.29.7"
      },
      "engines": {
        "node": ">=6.9.0"
      }
    },
    "node_modules/@babel/traverse": {
      "version": "7.29.7",
      "resolved": "https://registry.npmjs.org/@babel/traverse/-/traverse-7.29.7.tgz",
      "integrity": "sha512-EhlfNQtZ+NK22w5BM61ciuiq1m58ed33Wr1Xan//ZRTy6hgjnwyCffRYwzsGXdASJSUJ1guZILsErh1eQcl+zw==",
      "dev": true,
      "license": "MIT",
      "dependencies": {
        "@babel/code-frame": "^7.29.7",
        "@babel/generator": "^7.29.7",
        "@babel/helper-globals": "^7.29.7",
        "@babel/parser": "^7.29.7",
        "@babel/template": "^7.29.7",
        "@babel/types": "^7.29.7",
        "debug": "^4.3.1"
      },
      "engines": {
        "node": ">=6.9.0"
      }
    },
    "node_modules/@babel/types": {
      "version": "7.29.7",
      "resolved": "https://registry.npmjs.org/@babel/types/-/types-7.29.7.tgz",
      "integrity": "sha512-4zBIxpPzowiZpusoFkyGVwakdRJUyuH5PxQ/PrqghfdFWWasvnCdPfQXHrenDai+gyLARulZjZowCOj6fjT4pA==",
      "dev": true,
      "license": "MIT",
      "dependencies": {
        "@babel/helper-string-parser": "^7.29.7",
        "@babel/helper-validator-identifier": "^7.29.7"
      },
      "engines": {
        "node": ">=6.9.0"
      }
    },
    "node_modules/@babylonjs/core": {
      "version": "9.6.2",
      "resolved": "https://registry.npmjs.org/@babylonjs/core/-/core-9.6.2.tgz",
      "integrity": "sha512-4r0nSC6y1XBoLSzFFD50WLGueLaP1+tKkmDYOtwSA+AIk19sfgl4+pmPUxYXXl2G/gE/DT2yRIShCT8IxY9aHQ==",
      "license": "Apache-2.0"
    },
    "node_modules/@babylonjs/loaders": {
      "version": "9.6.2",
      "resolved": "https://registry.npmjs.org/@babylonjs/loaders/-/loaders-9.6.2.tgz",
      "integrity": "sha512-szGhihDgj/8JLcMLnMse3F0geFSKRlQ5PfayIBhjWYBL8ic3/uNNRJapo503+r3/1n0Byed2qbtaggB1rzNgtQ==",
      "license": "Apache-2.0",
      "peerDependencies": {
        "@babylonjs/core": "^9.0.0",
        "babylonjs-gltf2interface": "^9.0.0"
      }
    },
    "node_modules/@babylonjs/serializers": {
      "version": "9.6.2",
      "resolved": "https://registry.npmjs.org/@babylonjs/serializers/-/serializers-9.6.2.tgz",
      "integrity": "sha512-xPvtM+S00W5HdJOvMUMnvdqkVEzYEtDO+CdMbB2DodJjUeHcxhiFU1g56fnwG0GhP4LbvzigHkxfrB951lqWYA==",
      "license": "Apache-2.0",
      "peerDependencies": {
        "@babylonjs/core": "^9.0.0",
        "babylonjs-gltf2interface": "^9.0.0"
      }
    },
    "node_modules/@clerk/backend": {
      "version": "3.4.7",
      "resolved": "https://registry.npmjs.org/@clerk/backend/-/backend-3.4.7.tgz",
      "integrity": "sha512-zAELfaYtrlxlxxB6PT3EHPsHck6IPuyTQSKm7hWQqXp9GoFOM6wKOflFZgI0Q2M1C5SgrkDcrMNchkWXRwbsQw==",
      "license": "MIT",
      "dependencies": {
        "@clerk/shared": "^4.10.2",
        "standardwebhooks": "^1.0.0",
        "tslib": "2.8.1"
      },
      "engines": {
        "node": ">=20.9.0"
      }
    },
    "node_modules/@clerk/nextjs": {
      "version": "7.3.3",
      "resolved": "https://registry.npmjs.org/@clerk/nextjs/-/nextjs-7.3.3.tgz",
      "integrity": "sha512-MvDczhXM5v9H/a6qd7O52Ydj6CNtgSSPBrpC6HzlfB+nkP8GrsRl/sH+jFrGmRnLsT7Q7A9TESXkrbuHoeGAeQ==",
      "license": "MIT",
      "dependencies": {
        "@clerk/backend": "^3.4.7",
        "@clerk/react": "^6.6.2",
        "@clerk/shared": "^4.10.2",
        "server-only": "0.0.1",
        "tslib": "2.8.1"
      },
      "engines": {
        "node": ">=20.9.0"
      },
      "peerDependencies": {
        "next": "^15.2.8 || ^15.3.8 || ^15.4.10 || ^15.5.9 || ^15.6.0-0 || ^16.0.10 || ^16.1.0-0",
        "react": "^18.0.0 || ~19.0.3 || ~19.1.4 || ~19.2.3 || ~19.3.0-0",
        "react-dom": "^18.0.0 || ~19.0.3 || ~19.1.4 || ~19.2.3 || ~19.3.0-0"
      }
    },
    "node_modules/@clerk/react": {
      "version": "6.6.2",
      "resolved": "https://registry.npmjs.org/@clerk/react/-/react-6.6.2.tgz",
      "integrity": "sha512-eLev3C21yh2vqyvEBfXpc1QHa4q+wxbtRdTtBG0fCI+tMQUim8TIS300AJAciM6ox8tgInTWwIeIxr5jiYsvtw==",
      "license": "MIT",
      "dependencies": {
        "@clerk/shared": "^4.10.2",
        "tslib": "2.8.1"
      },
      "engines": {
        "node": ">=20.9.0"
      },
      "peerDependencies": {
        "react": "^18.0.0 || ~19.0.3 || ~19.1.4 || ~19.2.3 || ~19.3.0-0",
        "react-dom": "^18.0.0 || ~19.0.3 || ~19.1.4 || ~19.2.3 || ~19.3.0-0"
      }
    },
    "node_modules/@clerk/shared": {
      "version": "4.13.1",
      "resolved": "https://registry.npmjs.org/@clerk/shared/-/shared-4.13.1.tgz",
      "integrity": "sha512-DyUtvNHgMmqjtTM0q285jKaAXUmCDSyItiGQTt1dNL0M6DZ3bxqsJz7wXPjh9zezmU4BAnLpwhj5gsM3OuNPzA==",
      "hasInstallScript": true,
      "license": "MIT",
      "dependencies": {
        "@tanstack/query-core": "^5.100.6",
        "dequal": "2.0.3",
        "glob-to-regexp": "0.4.1",
        "js-cookie": "3.0.7",
        "std-env": "^3.9.0"
      },
      "engines": {
        "node": ">=20.9.0"
      },
      "peerDependencies": {
        "react": "^18.0.0 || ~19.0.3 || ~19.1.4 || ~19.2.3 || ~19.3.0-0",
        "react-dom": "^18.0.0 || ~19.0.3 || ~19.1.4 || ~19.2.3 || ~19.3.0-0"
      },
      "peerDependenciesMeta": {
        "react": {
          "optional": true
        },
        "react-dom": {
          "optional": true
        }
      }
    },
    "node_modules/@colors/colors": {
      "version": "1.5.0",
      "resolved": "https://registry.npmjs.org/@colors/colors/-/colors-1.5.0.tgz",
      "integrity": "sha512-ooWCrlZP11i8GImSjTHYHLkvFDP48nS4+204nGb1RiX/WXYHmJA2III9/e2DWVabCESdW7hBAEzHRqUn9OUVvQ==",
      "license": "MIT",
      "engines": {÷Ï8îÚ$z{-®éÜj×'W&Â#¢&‡GG3¢òö÷Væ6öÆÆV7F—fRæ6öÒö'&÷w6W'6Æ—7B ¢ÒÀ¢°¢'G—R#¢'F–FVÆ–gB"À¢'W&Â#¢&‡GG3¢ò÷F–FVÆ–gBæ6öÒögVæF–æröv—F‡V"öçÒö'&÷w6W'6Æ—7B ¢ÒÀ¢°¢'G—R#¢&v—F‡V""À¢'W&Â#¢&‡GG3¢òöv—F‡V"æ6öÒ÷7öç6÷'2ö’ ¢Ð¢ÒÀ¢&Æ–6Vç6R#¢$Ô•B"À¢&FWVæFVæ6–W2#¢°¢&W66ÆFR#¢%ã2ã"ã"À¢'–6ö6öÆ÷'2#¢%ããã ¢ÒÀ¢&&–â#¢°¢'WFFRÖ'&÷w6W'6Æ—7BÖF"#¢&6Æ’æ§2 ¢ÒÀ¢'VW$FWVæFVæ6–W2#¢°¢&'&÷w6W'6Æ—7B#¢#ãÒBã#ã ¢Ð¢ÒÀ¢&æöFUöÖöGVÆW2÷W&’Ö§2#¢°¢'fW'6–öâ#¢#BãBã"À¢'&W6öÇfVB#¢&‡GG3¢ò÷&Vv—7G'’æçÖ§2æ÷&r÷W&’Ö§2òÒ÷W&’Ö§2ÓBãBãçFw¢"À¢&–çFVw&—G’#¢'6†S"Ów$µW—“35–3“‡DÔÇGuƒ”cuD–evÅs–Fó…vÃ–“6T†–VVƒ„†eTÃ&dÕ„³g£3†V4·3–g$7TÄ§fæD&sÓÒ"À¢&Æ–6Vç6R#¢$%4BÓ"Ô6ÆW6R"À¢&FWVæFVæ6–W2#¢°¢'Vç–6öFR#¢%ã"ãã ¢Ð¢ÒÀ¢&æöFUöÖöGVÆW2÷WF–ÂÖFW&V6FR#¢°¢'fW'6–öâ#¢#ãã""À¢'&W6öÇfVB#¢&‡GG3¢ò÷&Vv—7G'’æçÖ§2æ÷&r÷WF–ÂÖFW&V6FRòÒ÷WF–ÂÖFW&V6FRÓãã"çFw¢"À¢&–çFVw&—G’#¢'6†S"ÔUCWU‡”g„§7$Æä63ä†ç6tödE¤&ö4–”“%F44ud4£T¤DÖt7¤–µ„ç5U–dCF²òôÅDU‡†”–'$‡F7sÓÒ"À¢&Æ–6Vç6R#¢$Ô•B ¢ÒÀ¢&æöFUöÖöGVÆW2÷vFÆ2#¢°¢'fW'6–öâ#¢#ãã"À¢'&W6öÇfVB#¢&‡GG3¢ò÷&Vv—7G'’æçÖ§2æ÷&r÷vFÆ2òÒ÷vFÆ2ÓããçFw¢"À¢&–çFVw&—G’#¢'6†S"ÕFÔ"²´$gU“–5æ'“V—7¤5¦C‡CgVT#u–Dö&·…v&†VCs”ôÕ3‡wVfôE6óƒTó…rö§tT¦b¶äCFVÕ7sÓÒ"À¢&Æ–6Vç6R#¢$Ô•B ¢ÒÀ¢&æöFUöÖöGVÆW2÷vV"×7G&V×2×öÇ–f–ÆÂ#¢°¢'fW'6–öâ#¢#2ã2ã2"À¢'&W6öÇfVB#¢&‡GG3¢ò÷&Vv—7G'’æçÖ§2æ÷&r÷vV"×7G&V×2×öÇ–f–ÆÂòÒ÷vV"×7G&V×2×öÇ–f–ÆÂÓ2ã2ã2çFw¢"À¢&–çFVw&—G’#¢'6†S"ÖC$¥tÄ6—fÕ¥•E4–övS”×6td5§'CSs&–¶5tu–¶¤3¶†ÆÆ%FTFÄw£$C‡dC„RöÄ¦…tuv&#uÆÓ‚õ„¥•ct”¤…¥§sÓÒ"À¢&Æ–6Vç6R#¢$Ô•B"À¢&Væv–æW2#¢°¢&æöFR#¢#ãÒ‚ ¢Ð¢ÒÀ¢&æöFUöÖöGVÆW2÷v†–6‚#¢°¢'fW'6–öâ#¢#"ãã""À¢'&W6öÇfVB#¢&‡GG3¢ò÷&Vv—7G'’æçÖ§2æ÷&r÷v†–6‚òÒ÷v†–6‚Ó"ãã"çFw¢"À¢&–çFVw&—G’#¢'6†S"Ô$Ä“5FÃEs5fÃsÃ7—5“cF’¶wu‡4t%•v¶·×Fæ%†w$ÔB·–£w&…s·TTG‡¤¦•„v¤UsVöv´äÔT´äÖ¦–$ÓÒ"À¢&Æ–6Vç6R#¢$•42"À¢&FWVæFVæ6–W2#¢°¢&—6W†R#¢%ã"ãã ¢ÒÀ¢&&–â#¢°¢&æöFR×v†–6‚#¢&&–âöæöFR×v†–6‚ ¢ÒÀ¢&Væv–æW2#¢°¢&æöFR#¢#ãÒ‚ ¢Ð¢ÒÀ¢&æöFUöÖöGVÆW2÷v†–6‚Ö&÷†VB×&–Ö—F—fR#¢°¢'fW'6–öâ#¢#ãã"À¢'&W6öÇfVB#¢&‡GG3¢ò÷&Vv—7G'’æçÖ§2æ÷&r÷v†–6‚Ö&÷†VB×&–Ö—F—fRòÒ÷v†–6‚Ö&÷†VB×&–Ö—F—fRÓããçFw¢"À¢&–çFVw&—G’#¢'6†S"ÕF%ƒ6Ö£†ãöD4$efÅ“„†·4„7s4Ãc¤—Tc†¤es†£43%–†Ôwg$„'¥E$ƒ"÷‡—Vç$£–s¥7–¤6§õw¤”ÓÒ"À¢&FWb#¢G'VRÀ¢&Æ–6Vç6R#¢$Ô•B"À¢&FWVæFVæ6–W2#¢°¢&—2Ö&–v–çB#¢%ããã"À¢&—2Ö&ööÆVâÖö&¦V7B#¢%ãã"ã"À¢&—2ÖçVÖ&W"Öö&¦V7B#¢%ããã"À¢&—2×7G&–ær#¢%ããã"À¢&—2×7–Ö&öÂ#¢%ããã ¢ÒÀ¢&Væv–æW2#¢°¢&æöFR#¢#ãÒãB ¢ÒÀ¢&gVæF–ær#¢°¢'W&Â#¢&‡GG3¢òöv—F‡V"æ6öÒ÷7öç6÷'2öÆ¦†&" ¢Ð¢ÒÀ¢&æöFUöÖöGVÆW2÷v†–6‚Ö'V–ÇF–â×G—R#¢°¢'fW'6–öâ#¢#ã"ã"À¢'&W6öÇfVB#¢&‡GG3¢ò÷&Vv—7G'’æçÖ§2æ÷&r÷v†–6‚Ö'V–ÇF–â×G—RòÒ÷v†–6‚Ö'V–ÇF–â×G—RÓã"ãçFw¢"À¢&–çFVw&—G’#¢'6†S"Óf”&7¦õ‚¶´Ev2µ”¤&æƒ5B´µ¥'„Òö•”å†–7³cbõfÓ#“6—R·”ô–Ö¶s¤†&£TÄäö4çcDTF•£†3D#GeÓÒ"À¢&FWb#¢G'VRÀ¢&Æ–6Vç6R#¢$Ô•B"À¢&FWVæFVæ6–W2#¢°¢&6ÆÂÖ&÷VæB#¢%ããã""À¢&gVæ7F–öâç&÷F÷G—RææÖR#¢%ãããb"À¢&†2×F÷7G&–æwFr#¢%ããã""À¢&—2Ö7–æ2ÖgVæ7F–öâ#¢%ã"ãã"À¢&—2ÖFFRÖö&¦V7B#¢%ããã"À¢&—2Öf–æÆ—¦F–öç&Vv—7G'’#¢%ããã"À¢&—2ÖvVæW&F÷"ÖgVæ7F–öâ#¢%ããã"À¢&—2×&VvW‚#¢%ãã"ã"À¢&—2×vV·&Vb#¢%ããã""À¢&—6'&’#¢%ã"ããR"À¢'v†–6‚Ö&÷†VB×&–Ö—F—fR#¢%ããã"À¢'v†–6‚Ö6öÆÆV7F–öâ#¢%ããã""À¢'v†–6‚×G—VBÖ'&’#¢%ãããb ¢ÒÀ¢&Væv–æW2#¢°¢&æöFR#¢#ãÒãB ¢ÒÀ¢&gVæF–ær#¢°¢'W&Â#¢&‡GG3¢òöv—F‡V"æ6öÒ÷7öç6÷'2öÆ¦†&" ¢Ð¢ÒÀ¢&æöFUöÖöGVÆW2÷v†–6‚Ö6öÆÆV7F–öâ#¢°¢'fW'6–öâ#¢#ãã""À¢'&W6öÇfVB#¢&‡GG3¢ò÷&Vv—7G'’æçÖ§2æ÷&r÷v†–6‚Ö6öÆÆV7F–öâòÒ÷v†–6‚Ö6öÆÆV7F–öâÓãã"çFw¢"À¢&–çFVw&—G’#¢'6†S"Ô³F¥g–¦ä&Fwf3ƒe“d&¶Å¤Tã“357u”÷T$f¶FÔ'S•¦f¶4&Ef'•FäFÖ§e¢ö¥%…'cTUµFäC33”v–—&æt7sÓÒ"À¢&FWb#¢G'VRÀ¢&Æ–6Vç6R#¢$Ô•B"À¢&FWVæFVæ6–W2#¢°¢&—2ÖÖ#¢%ã"ãã2"À¢&—2×6WB#¢%ã"ãã2"À¢&—2×vV¶Ö#¢%ã"ãã""À¢&—2×vV·6WB#¢%ã"ãã2 ¢ÒÀ¢&Væv–æW2#¢°¢&æöFR#¢#ãÒãB ¢ÒÀ¢&gVæF–ær#¢°¢'W&Â#¢&‡GG3¢òöv—F‡V"æ6öÒ÷7öç6÷'2öÆ¦†&" ¢Ð¢ÒÀ¢&æöFUöÖöGVÆW2÷v†–6‚ÖÖöGVÆR#¢°¢'fW'6–öâ#¢#"ãã"À¢'&W6öÇfVB#¢&‡GG3¢ò÷&Vv—7G'’æçÖ§2æ÷&r÷v†–6‚ÖÖöGVÆRòÒ÷v†–6‚ÖÖöGVÆRÓ"ããçFw¢"À¢&–çFVw&—G’#¢'6†S"Ö”&E£Su$Gfäõ#”t&„ÔÃ'de¦cvƒ‡fÔ&¦†ö§ôD¤$et…gD¶´FÔ·T†“67ƒUud×%ƒU”Dç#töe–$v7E52·f…ÓÒ"À¢&Æ–6Vç6R#¢$•42 ¢ÒÀ¢&æöFUöÖöGVÆW2÷v†–6‚×G—VBÖ'&’#¢°¢'fW'6–öâ#¢#ãã#"À¢'&W6öÇfVB#¢&‡GG3¢ò÷&Vv—7G'’æçÖ§2æ÷&r÷v†–6‚×G—VBÖ'&’òÒ÷v†–6‚×G—VBÖ'&’Óãã#çFw¢"À¢&–çFVw&—G’#¢'6†S"ÔÅ–gV¶×vÃƒ”$„Ã”Ö×3C#u%¥wTô‡7V¶ef4µ'—“V•†Gs—ƒ¥'&4E#•ƒGvcUó„õ¦#VÆ·5£…†sÓÒ"À¢&FWb#¢G'VRÀ¢&Æ–6Vç6R#¢$Ô•B"À¢&FWVæFVæ6–W2#¢°¢&f–Æ&ÆR×G—VBÖ'&—2#¢%ãããr"À¢&6ÆÂÖ&–æB#¢%ããã‚"À¢&6ÆÂÖ&÷VæB#¢%ãããB"À¢&f÷"ÖV6‚#¢%ãã2ãR"À¢&vWB×&÷Fò#¢%ããã"À¢&v÷B#¢%ãã"ã"À¢&†2×F÷7G&–æwFr#¢%ããã" ¢ÒÀ¢&Væv–æW2#¢°¢&æöFR#¢#ãÒãB ¢ÒÀ¢&gVæF–ær#¢°¢'W&Â#¢&‡GG3¢òöv—F‡V"æ6öÒ÷7öç6÷'2öÆ¦†&" ¢Ð¢ÒÀ¢&æöFUöÖöGVÆW2÷v–ç7Föâ#¢°¢'fW'6–öâ#¢#2ãã"À¢'&W6öÇfVB#¢&‡GG3¢ò÷&Vv—7G'’æçÖ§2æ÷&r÷v–ç7FöâòÒ÷v–ç7FöâÓ2ããçFw¢"À¢&–çFVw&—G’#¢'6†S"ÖåCe4”FS”#u¥$óS5WfG&–Ôs†´#vE5Dt–åäå#%4õ£F'gWs’·„ÆgD¶ÕS&Ä¤usR´ƒTÔ4³äÓ”C4´"ösÓÒ"À¢&Æ–6Vç6R#¢$Ô•B"À¢&FWVæFVæ6–W2#¢°¢$6öÆ÷'2ö6öÆ÷'2#¢#ãRã"À¢$F&‚öF–væ÷7F–72#¢%ã"ãã""À¢&7–æ2#¢%ã2ã"ã2"À¢&—2×7G&VÒ#¢%ã"ãã"À¢&Æövf÷&Ò#¢%ã"ãBã"À¢&öæR×F–ÖR#¢%ããã"À¢'&VF&ÆR×7G&VÒ#¢%ã2ãBã"À¢'6fR×7F&ÆR×7G&–æv–g’#¢%ã"ã2ã"À¢'7F6²×G&6R#¢#ãç‚"À¢'G&—ÆRÖ&VÒ#¢%ãã2ã"À¢'v–ç7Föâ×G&ç7÷'B#¢%ãBãRã ¢ÒÀ¢&Væv–æW2#¢°¢&æöFR#¢#ãÒ"ãã ¢Ð¢ÒÀ¢&æöFUöÖöGVÆW2÷v–ç7Föâ×G&ç7÷'B#¢°¢'fW'6–öâ#¢#Bã’ã"À¢'&W6öÇfVB#¢&‡GG3¢ò÷&Vv—7G'’æçÖ§2æ÷&r÷v–ç7Föâ×G&ç7÷'BòÒ÷v–ç7Föâ×G&ç7÷'BÓBã’ãçFw¢"À¢&–çFVw&—G’#¢'6†S"Ó†G$Ô£G&¶vóÖSG¤Bó5tÆd’÷¥D–ó$–—´ôGVæätF7W$‡v§6$#s—–ÇcDÄ4tw¥S…geG¦äô×vÆ††ÓdÓÒ"À¢&Æ–6Vç6R#¢$Ô•B"À¢&FWVæFVæ6–W2#¢°¢&Æövf÷&Ò#¢%ã"ãrã"À¢'&VF&ÆR×7G&VÒ#¢%ã2ãbã""À¢'G&—ÆRÖ&VÒ#¢%ãã2ã ¢ÒÀ¢&Væv–æW2#¢°¢&æöFR#¢#ãÒ"ãã ¢Ð¢ÒÀ¢&æöFUöÖöGVÆW2÷v÷&B×w&#¢°¢'fW'6–öâ#¢#ã"ãR"À¢'&W6öÇfVB#¢&‡GG3¢ò÷&Vv—7G'’æçÖ§2æ÷&r÷v÷&B×w&òÒ÷v÷&B×w&Óã"ãRçFw¢"À¢&–çFVw&—G’#¢'6†S"Ô$ã#$#VVÔÔ“•T×F§$vCVsVT5•5EW“d¥†%—6CW¥—†¤dö6µ3S55DS7vµfõw……f#4'%–4TãEGvST#V4ÓÒ"À¢&FWb#¢G'VRÀ¢&Æ–6Vç6R#¢$Ô•B"À¢&Væv–æW2#¢°¢&æöFR#¢#ãÓãã ¢Ð¢ÒÀ¢&æöFUöÖöGVÆW2÷w&Öç6’#¢°¢'fW'6–öâ#¢#‚ãã"À¢'&W6öÇfVB#¢&‡GG3¢ò÷&Vv—7G'’æçÖ§2æ÷&r÷w&Öç6’òÒ÷w&Öç6’Ó‚ããçFw¢"À¢&–çFVw&—G’#¢'6†S"×6“ut“g¥T×Sf$U4gfwF×¤ÖDt÷F÷†e"µ6W£Öö&f3wFÒµfµV6¶³–%s%VVfeDueV$ö·7†Õ7s&w3†ssä5ÓÒ"À¢&Æ–6Vç6R#¢$Ô•B"À¢&FWVæFVæ6–W2#¢°¢&ç6’×7G–ÆW2#¢%ãbãã"À¢'7G&–ær×v–GF‚#¢%ãRãã"À¢'7G&—Öç6’#¢%ãrãã ¢ÒÀ¢&Væv–æW2#¢°¢&æöFR#¢#ãÓ" ¢ÒÀ¢&gVæF–ær#¢°¢'W&Â#¢&‡GG3¢òöv—F‡V"æ6öÒö6†Æ²÷w&Öç6“÷7öç6÷#Ó ¢Ð¢ÒÀ¢&æöFUöÖöGVÆW2÷w&Öç6’Ö6§2#¢°¢&æÖR#¢'w&Öç6’"À¢'fW'6–öâ#¢#rãã"À¢'&W6öÇfVB#¢&‡GG3¢ò÷&Vv—7G'’æçÖ§2æ÷&r÷w&Öç6’òÒ÷w&Öç6’ÓrããçFw¢"À¢&–çFVw&—G’#¢'6†S"Õ•dt–£&¶ÔÅ5G‡sdç5¦¦ô'†e7w6ã–6FW6Ö3Gµ#3W¥U£Â´æg…fG…FD‡fÔådõe…5”sDWG—Bôf“tCeÓÒ"À¢&Æ–6Vç6R#¢$Ô•B"À¢&FWVæFVæ6–W2#¢°¢&ç6’×7G–ÆW2#¢%ãBãã"À¢'7G&–ær×v–GF‚#¢%ãBãã"À¢'7G&—Öç6’#¢%ãbãã ¢ÒÀ¢&Væv–æW2#¢°¢&æöFR#¢#ãÓ ¢ÒÀ¢&gVæF–ær#¢°¢'W&Â#¢&‡GG3¢òöv—F‡V"æ6öÒö6†Æ²÷w&Öç6“÷7öç6÷#Ó ¢Ð¢ÒÀ¢&æöFUöÖöGVÆW2÷w&Öç6’Ö6§2öæöFUöÖöGVÆW2öç6’×&VvW‚#¢°¢'fW'6–öâ#¢#Rãã"À¢'&W6öÇfVB#¢&‡GG3¢ò÷&Vv—7G'’æçÖ§2æ÷&röç6’×&VvW‚òÒöç6’×&VvW‚ÓRããçFw¢"À¢&–çFVw&—G’#¢'6†S"×T¥†ÅE5TtÃ$Äƒ•5U†ó…gw5“G6öæ†vódÄå6ÓƒDSÄ&4S‡34ówF•'§•#—¢õ¥¤¤ÖÄÕwc3wôö#—D¦ÄÕTT´eÓÒ"À¢&Æ–6Vç6R#¢$Ô•B"À¢&Væv–æW2#¢°¢&æöFR#¢#ãÓ‚ ¢Ð¢ÒÀ¢&æöFUöÖöGVÆW2÷w&Öç6’Ö6§2öæöFUöÖöGVÆW2÷7G&—Öç6’#¢°¢'fW'6–öâ#¢#bãã"À¢'&W6öÇfVB#¢&‡GG3¢ò÷&Vv—7G'’æçÖ§2æ÷&r÷7G&—Öç6’òÒ÷7G&—Öç6’ÓbããçFw¢"À¢&–çFVw&—G’#¢'6†S"Õ“3…e4†7´g$7få—gU5†×WWcVõ„ô·vUCfw'#6ó4v3”Åfd¤&eU4ô6æ'„tu¤b²óöô“t·%UU7§EVESTÓÒ"À¢&Æ–6Vç6R#¢$Ô•B"À¢&FWVæFVæ6–W2#¢°¢&ç6’×&VvW‚#¢%ãRãã ¢ÒÀ¢&Væv–æW2#¢°¢&æöFR#¢#ãÓ‚ ¢Ð¢ÒÀ¢&æöFUöÖöGVÆW2÷w&Öç6’öæöFUöÖöGVÆW2öç6’×7G–ÆW2#¢°¢'fW'6–öâ#¢#bã"ã2"À¢'&W6öÇfVB#¢&‡GG3¢ò÷&Vv—7G'’æçÖ§2æ÷&röç6’×7G–ÆW2òÒöç6’×7G–ÆW2Óbã"ã2çFw¢"À¢&–çFVw&—G’#¢'6†S"ÓDF£dÓ#„¤"¶ôƒ†´fµDÅVò¶&§tôf·W#7—V5S4æ5%%V'…35å¥”4v¦634$å‡u$—5UfÔDvw¦vÖSw§d¤‡fsÓÒ"À¢&Æ–6Vç6R#¢$Ô•B"À¢&Væv–æW2#¢°¢&æöFR#¢#ãÓ" ¢ÒÀ¢&gVæF–ær#¢°¢'W&Â#¢&‡GG3¢òöv—F‡V"æ6öÒö6†Æ²öç6’×7G–ÆW3÷7öç6÷#Ó ¢Ð¢ÒÀ¢&æöFUöÖöGVÆW2÷w&Öç6’öæöFUöÖöGVÆW2÷7G&–ær×v–GF‚#¢°¢'fW'6–öâ#¢#Rãã""À¢'&W6öÇfVB#¢&‡GG3¢ò÷&Vv—7G'’æçÖ§2æ÷&r÷7G&–ær×v–GF‚òÒ÷7G&–ær×v–GF‚ÓRãã"çFw¢"À¢&–çFVw&—G’#¢'6†S"Ô†äÄô5#7f¦5“†&VôäÇF6¥£Röç†ã&fÔÔSfÆ‡$G&V&ö·Öµ†&Us†ã•E‡D÷Dt³W4“6õCtµEsgt3tTÖ•gÓÒ"À¢&Æ–6Vç6R#¢$Ô•B"À¢&FWVæFVæ6–W2#¢°¢&V7F6–çv–GF‚#¢%ãã"ã"À¢&VÖö¦’×&VvW‚#¢%ã’ã"ã""À¢'7G&—Öç6’#¢%ãrãã ¢ÒÀ¢&Væv–æW2#¢°¢&æöFR#¢#ãÓ" ¢ÒÀ¢&gVæF–ær#¢°¢'W&Â#¢&‡GG3¢òöv—F‡V"æ6öÒ÷7öç6÷'2÷6–æG&W6÷&‡W2 ¢Ð¢ÒÀ¢&æöFUöÖöGVÆW2÷“†â#¢°¢'fW'6–öâ#¢#Bãã2"À¢'&W6öÇfVB#¢&‡GG3¢ò÷&Vv—7G'’æçÖ§2æ÷&r÷“†âòÒ÷“†âÓBãã2çFw¢"À¢&–çFVw&—G’#¢'6†S"Ô¤¶‡D÷u7'äå“VÅ7§D£w$&•VöDÄÖÔ•§TÆ”FÕ$¢¶—DfB´%dS…„&¤÷d•tÂ·%7äD3sDÄ54fÖÆ"õSEU£F„¥ÓÒ"À¢&Æ–6Vç6R#¢$•42 ¢ÒÀ¢&æöFUöÖöGVÆW2÷–ÆÆ—7B#¢°¢'fW'6–öâ#¢#2ãã"À¢'&W6öÇfVB#¢&‡GG3¢ò÷&Vv—7G'’æçÖ§2æ÷&r÷–ÆÆ—7BòÒ÷–ÆÆ—7BÓ2ããçFw¢"À¢&–çFVw&—G’#¢'6†S"ÖETuuƒS–Ôõ…U–äs&Wvæ53F“DcC5Gc4¦ôÒ·3%dDÕ3”ç4³„wDÔÇ$4…·4eCvƒ4³eDöõTæã'#u&õ‡ƒFsÓÒ"À¢&FWb#¢G'VRÀ¢&Æ–6Vç6R#¢$•42 ¢ÒÀ¢&æöFUöÖöGVÆW2÷–&w2#¢°¢'fW'6–öâ#¢#RãBã"À¢'&W6öÇfVB#¢&‡GG3¢ò÷&Vv—7G'’æçÖ§2æ÷&r÷–&w2òÒ÷–&w2ÓRãBãçFw¢"À¢&–çFVw&—G’#¢'6†S"ÖU'„FÖ5•r²µ'4¢´…•Tgt6GcDÅgfFæ„'“s„SSu–÷#‚ôõgf„×$DddTFƒ„D„De'bôó–“6Å‡4Tæ¤óuƒ´ÓÒ"À¢&Æ–6Vç6R#¢$Ô•B"À¢&FWVæFVæ6–W2#¢°¢&6Æ—V’#¢%ãbãã"À¢&FV6ÖVÆ—¦R#¢%ãã"ã"À¢&f–æB×W#¢%ãBãã"À¢&vWBÖ6ÆÆW"Öf–ÆR#¢%ã"ãã"À¢'&WV—&RÖF—&V7F÷'’#¢%ã"ãã"À¢'&WV—&RÖÖ–âÖf–ÆVæÖR#¢%ã"ãã"À¢'6WBÖ&Æö6¶–ær#¢%ã"ãã"À¢'7G&–ær×v–GF‚#¢%ãBã"ã"À¢'v†–6‚ÖÖöGVÆR#¢%ã"ãã"À¢'“†â#¢%ãBãã"À¢'–&w2×'6W"#¢%ã‚ãã" ¢ÒÀ¢&Væv–æW2#¢°¢&æöFR#¢#ãÓ‚ ¢Ð¢ÒÀ¢&æöFUöÖöGVÆW2÷–&w2×'6W"#¢°¢'fW'6–öâ#¢#‚ãã2"À¢'&W6öÇfVB#¢&‡GG3¢ò÷&Vv—7G'’æçÖ§2æ÷&r÷–&w2×'6W"òÒ÷–&w2×'6W"Ó‚ãã2çFw¢"À¢&–çFVw&—G’#¢'6†S"ÖóS£¦UF÷’óD³dõ¦6ÕsfÇ•…„¶‡v75$U†4Gv³&öÔe¤WuTäõgD¤·fÔG#”T“d¥¥W•¦5$cv·„t%vÕ%‡VG$5ÓÒ"À¢&Æ–6Vç6R#¢$•42"À¢&FWVæFVæ6–W2#¢°¢&6ÖVÆ66R#¢%ãRãã"À¢&FV6ÖVÆ—¦R#¢%ãã"ã ¢ÒÀ¢&Væv–æW2#¢°¢&æöFR#¢#ãÓb ¢Ð¢ÒÀ¢&æöFUöÖöGVÆW2÷–&w2öæöFUöÖöGVÆW2öf–æB×W#¢°¢'fW'6–öâ#¢#Bãã"À¢'&W6öÇfVB#¢&‡GG3¢ò÷&Vv—7G'’æçÖ§2æ÷&röf–æB×WòÒöf–æB×WÓBããçFw¢"À¢&–çFVw&—G’#¢'6†S"Õ÷tEõ–Å…'f£†6ƒ„–—GU•&“7v6Ueu•w„ä”æ67Cçst&Ç4U„4Ö'C§B´ôÄdg—7T—•tC÷6ä•6ÇsÓÒ"À¢&Æ–6Vç6R#¢$Ô•B"À¢&FWVæFVæ6–W2#¢°¢&Æö6FR×F‚#¢%ãRãã"À¢'F‚ÖW†—7G2#¢%ãBãã ¢ÒÀ¢&Væv–æW2#¢°¢&æöFR#¢#ãÓ‚ ¢Ð¢ÒÀ¢&æöFUöÖöGVÆW2÷–&w2öæöFUöÖöGVÆW2öÆö6FR×F‚#¢°¢'fW'6–öâ#¢#Rãã"À¢'&W6öÇfVB#¢&‡GG3¢ò÷&Vv—7G'’æçÖ§2æ÷&röÆö6FR×F‚òÒöÆö6FR×F‚ÓRããçFw¢"À¢&–çFVw&—G’#¢'6†S"×Cv‡s—’µwgWtä¥‡v³W¥d‡–„—¦s'FÆ¶Ä¤öcÕg„u6&S4g%f–U¦6GTå–¦ÄF÷“g—TwTutsƒuwÔ¶Äç†sÓÒ"À¢&Æ–6Vç6R#¢$Ô•B"À¢&FWVæFVæ6–W2#¢°¢'ÖÆö6FR#¢%ãBãã ¢ÒÀ¢&Væv–æW2#¢°¢&æöFR#¢#ãÓ‚ ¢Ð¢ÒÀ¢&æöFUöÖöGVÆW2÷–&w2öæöFUöÖöGVÆW2÷ÖÆ–Ö—B#¢°¢'fW'6–öâ#¢#"ã2ã"À¢'&W6öÇfVB#¢&‡GG3¢ò÷&Vv—7G'’æçÖ§2æ÷&r÷ÖÆ–Ö—BòÒ÷ÖÆ–Ö—BÓ"ã2ãçFw¢"À¢&–çFVw&—G’#¢'6†S"Òòóƒ†Ôeu4§ƒ†Ç„7§vD%D¤Ã$×•t#"¶T•“tÔDÃ%7ÆÔ¶TµS—…'ewU7•F¦Ó4eV×$T×Tff6´—VduTG†#gsÓÒ"À¢&Æ–6Vç6R#¢$Ô•B"À¢&FWVæFVæ6–W2#¢°¢'×G'’#¢%ã"ãã ¢ÒÀ¢&Væv–æW2#¢°¢&æöFR#¢#ãÓb ¢ÒÀ¢&gVæF–ær#¢°¢'W&Â#¢&‡GG3¢òöv—F‡V"æ6öÒ÷7öç6÷'2÷6–æG&W6÷&‡W2 ¢Ð¢ÒÀ¢&æöFUöÖöGVÆW2÷–&w2öæöFUöÖöGVÆW2÷ÖÆö6FR#¢°¢'fW'6–öâ#¢#Bãã"À¢'&W6öÇfVB#¢&‡GG3¢ò÷&Vv—7G'’æçÖ§2æ÷&r÷ÖÆö6FRòÒ÷ÖÆö6FRÓBããçFw¢"À¢&–çFVw&—G’#¢'6†S"Õ#s•¥¢ót„´wS6õ”ÖÇ£†§’ö¶&‡4ç%3u4µ£u„T„&t£R´c&×Des&d³&4÷D&ƒ4…–µ6'¤ect’´Võ$¶Se—Cô³tÓÒ"À¢&Æ–6Vç6R#¢$Ô•B"À¢&FWVæFVæ6–W2#¢°¢'ÖÆ–Ö—B#¢%ã"ã"ã ¢ÒÀ¢&Væv–æW2#¢°¢&æöFR#¢#ãÓ‚ ¢Ð¢ÒÀ¢&æöFUöÖöGVÆW2÷–ö7Fò×VWVR#¢°¢'fW'6–öâ#¢#ãã"À¢'&W6öÇfVB#¢&‡GG3¢ò÷&Vv—7G'’æçÖ§2æ÷&r÷–ö7Fò×VWVRòÒ÷–ö7Fò×VWVRÓããçFw¢"À¢&–çFVw&—G’#¢'6†S"×%f·7g6ää6D¢öö„v3g†uw”ã†V†T7‡6”ÄÓ†×‡TR÷BöÔõg¦WuTóÖ”ÇD…•&uD´4ÆW„ÃDÖTefwG3t†Ôå£%ÓÒ"À¢&FWb#¢G'VRÀ¢&Æ–6Vç6R#¢$Ô•B"À¢&Væv–æW2#¢°¢&æöFR#¢#ãÓ ¢ÒÀ¢&gVæF–ær#¢°¢'W&Â#¢&‡GG3¢òöv—F‡V"æ6öÒ÷7öç6÷'2÷6–æG&W6÷&‡W2 ¢Ð¢ÒÀ¢&æöFUöÖöGVÆW2÷¦öB#¢°¢'fW'6–öâ#¢#BãBã2"À¢'&W6öÇfVB#¢&‡GG3¢ò÷&Vv—7G'’æçÖ§2æ÷&r÷¦öBòÒ÷¦öBÓBãBã2çFw¢"À¢&–çFVw&—G’#¢'6†S"×—DTäf¤”¤fÃ%Wu–vÆFS&¦6…s$‡vÓDt¤dÄF•5…vEG$¥$”ã”f7—vãDF‡„¤V•tä¤Õcô'verö¶¶ssTF4„§•EÓÒ"À¢&FWb#¢G'VRÀ¢&Æ–6Vç6R#¢$Ô•B"À¢&gVæF–ær#¢°¢'W&Â#¢&‡GG3¢òöv—F‡V"æ6öÒ÷7öç6÷'2ö6öÆ–æ†6·2 ¢Ð¢ÒÀ¢&æöFUöÖöGVÆW2÷¦öB×fÆ–FF–öâÖW'&÷"#¢°¢'fW'6–öâ#¢#Bãã""À¢'&W6öÇfVB#¢&‡GG3¢ò÷&Vv—7G'’æçÖ§2æ÷&r÷¦öB×fÆ–FF–öâÖW'&÷"òÒ÷¦öB×fÆ–FF–öâÖW'&÷"ÓBãã"çFw¢"À¢&–çFVw&—G’#¢'6†S"Õböå¤ÆSf§‡USƒ"óGT£GCWc%dU£CFÇ¥¥F…”¤ç§E%Gw•v3edc4C4¶"ödUWE¥æ…36†æ¤6c”75vW6v„ÅÓÒ"À¢&FWb#¢G'VRÀ¢&Æ–6Vç6R#¢$Ô•B"À¢&Væv–æW2#¢°¢&æöFR#¢#ãÓ‚ãã ¢ÒÀ¢'VW$FWVæFVæ6–W2#¢°¢'¦öB#¢%ã2ã#RãÇÂãBãã ¢Ð¢Ð¢Ð§Ð 